%{
  "argon2_elixir": {:hex, :argon2_elixir, "1.3.1", "02a3d55a2670d25df25d75adcef2d74662c72bbc85aba17ca0ea585764b59ef4", [:make, :mix], [{:elixir_make, "~> 0.4", [hex: :elixir_make, repo: "hexpm", optional: false]}], "hexpm"},
  "atomic_map": {:hex, :atomic_map, "0.9.3", "3c7f1302e0590164732d08ca999708efbb2cd768abf2911cf140280ce2dc499d", [:mix], [], "hexpm"},
  "base64url": {:hex, :base64url, "0.0.1", "36a90125f5948e3afd7be97662a1504b934dd5dac78451ca6e9abf85a10286be", [:rebar], [], "hexpm"},
  "bcrypt_elixir": {:hex, :bcrypt_elixir, "1.0.9", "cdd8de5c7d69cd7fad2816f4f6379686710f3944dfbde447828860c825e3479d", [:make, :mix], [{:elixir_make, "~> 0.4", [hex: :elixir_make, repo: "hexpm", optional: false]}], "hexpm"},
  "benchee": {:hex, :benchee, "0.13.2", "30cd4ff5f593fdd218a9b26f3c24d580274f297d88ad43383afe525b1543b165", [:mix], [{:deep_merge, "~> 0.1", [hex: :deep_merge, repo: "hexpm", optional: false]}], "hexpm"},
  "bunt": {:hex, :bunt, "0.2.0", "951c6e801e8b1d2cbe58ebbd3e616a869061ddadcc4863d0a2182541acae9a38", [:mix], [], "hexpm"},
  "certifi": {:hex, :certifi, "2.3.1", "d0f424232390bf47d82da8478022301c561cf6445b5b5fb6a84d49a9e76d2639", [:rebar3], [{:parse_trans, "3.2.0", [hex: :parse_trans, repo: "hexpm", optional: false]}], "hexpm"},
  "cipher": {:hex, :cipher, "1.4.0", "2e2f45d674902f62bed7b196cec8e7c86bfa86b85031540689b11e1bb6f53d3a", [:mix], [{:plug, ">= 1.1.0", [hex: :plug, repo: "hexpm", optional: false]}, {:poison, "~> 2.0 or ~> 3.0", [hex: :poison, repo: "hexpm", optional: false]}], "hexpm"},
  "comeonin": {:hex, :comeonin, "4.1.1", "c7304fc29b45b897b34142a91122bc72757bc0c295e9e824999d5179ffc08416", [:mix], [{:argon2_elixir, "~> 1.2", [hex: :argon2_elixir, repo: "hexpm", optional: true]}, {:bcrypt_elixir, "~> 0.12.1 or ~> 1.0", [hex: :bcrypt_elixir, repo: "hexpm", optional: true]}, {:pbkdf2_elixir, "~> 0.12", [hex: :pbkdf2_elixir, repo: "hexpm", optional: true]}], "hexpm"},
  "con_cache": {:hex, :con_cache, "0.13.0", "fe30eeffc776465b596a60d5bc7f81083fd90aeeeb5d72b98a957fb4a78e4378", [:mix], [], "hexpm"},
  "credo": {:hex, :credo, "0.10.0", "66234a95effaf9067edb19fc5d0cd5c6b461ad841baac42467afed96c78e5e9e", [:mix], [{:bunt, "~> 0.2.0", [hex: :bunt, repo: "hexpm", optional: false]}, {:jason, "~> 1.0", [hex: :jason, repo: "hexpm", optional: false]}], "hexpm"},
  "decimal": {:hex, :decimal, "1.5.0", "b0433a36d0e2430e3d50291b1c65f53c37d56f83665b43d79963684865beab68", [:mix], [], "hexpm"},
  "deep_merge": {:hex, :deep_merge, "0.2.0", "c1050fa2edf4848b9f556fba1b75afc66608a4219659e3311d9c9427b5b680b3", [:mix], [], "hexpm"},
  "dialyxir": {:hex, :dialyxir, "0.5.1", "b331b091720fd93e878137add264bac4f644e1ddae07a70bf7062c7862c4b952", [:mix], [], "hexpm"},
  "distillery": {:hex, :distillery, "1.5.3", "b2f4fc34ec71ab4f1202a796f9290e068883b042319aa8c9aa45377ecac8597a", [:mix], [], "hexpm"},
  "earmark": {:hex, :earmark, "1.2.5", "4d21980d5d2862a2e13ec3c49ad9ad783ffc7ca5769cf6ff891a4553fbaae761", [:mix], [], "hexpm"},
  "ecto": {:hex, :ecto, "2.2.10", "e7366dc82f48f8dd78fcbf3ab50985ceeb11cb3dc93435147c6e13f2cda0992e", [:mix], [{:db_connection, "~> 1.1", [hex: :db_connection, repo: "hexpm", optional: true]}, {:decimal, "~> 1.2", [hex: :decimal, repo: "hexpm", optional: false]}, {:mariaex, "~> 0.8.0", [hex: :mariaex, repo: "hexpm", optional: true]}, {:poison, "~> 2.2 or ~> 3.0", [hex: :poison, repo: "hexpm", optional: true]}, {:poolboy, "~> 1.5", [hex: :poolboy, repo: "hexpm", optional: false]}, {:postgrex, "~> 0.13.0", [hex: :postgrex, repo: "hexpm", optional: true]}, {:sbroker, "~> 1.0", [hex: :sbroker, repo: "hexpm", optional: true]}], "hexpm"},
  "elixir_make": {:hex, :elixir_make, "0.4.2", "332c649d08c18bc1ecc73b1befc68c647136de4f340b548844efc796405743bf", [:mix], [], "hexpm"},
  "ex_datadog_plug": {:hex, :ex_datadog_plug, "0.5.0", "6952c948f38594d27356dd48dcd695f507067af8a20d92b5ac6125df45641bd1", [:mix], [{:plug, "~> 1.5", [hex: :plug, repo: "hexpm", optional: false]}, {:statix, "> 0.0.0", [hex: :statix, repo: "hexpm", optional: false]}], "hexpm"},
  "ex_doc": {:hex, :ex_doc, "0.18.4", "4406b8891cecf1352f49975c6d554e62e4341ceb41b9338949077b0d4a97b949", [:mix], [{:earmark, "~> 1.1", [hex: :earmark, repo: "hexpm", optional: false]}], "hexpm"},
  "ex_machina": {:hex, :ex_machina, "2.2.0", "fec496331e04fc2db2a1a24fe317c12c0c4a50d2beb8ebb3531ed1f0d84be0ed", [:mix], [{:ecto, "~> 2.1", [hex: :ecto, repo: "hexpm", optional: true]}], "hexpm"},
  "excheck": {:hex, :excheck, "0.6.0", "f8595a8ac2c0abc0d060c1a4fce7d26f41574543366a52d5f3c84de30a69747b", [:mix], [], "hexpm"},
  "faker": {:hex, :faker, "0.10.0", "367c2ae47e7b4ac6410e1eaa880c07b5fe4194476f697d37ac1ce25f3058aae2", [:mix], [], "hexpm"},
  "gettext": {:hex, :gettext, "0.15.0", "40a2b8ce33a80ced7727e36768499fc9286881c43ebafccae6bab731e2b2b8ce", [:mix], [], "hexpm"},
  "hackney": {:hex, :hackney, "1.13.0", "24edc8cd2b28e1c652593833862435c80661834f6c9344e84b6a2255e7aeef03", [:rebar3], [{:certifi, "2.3.1", [hex: :certifi, repo: "hexpm", optional: false]}, {:idna, "5.1.2", [hex: :idna, repo: "hexpm", optional: false]}, {:metrics, "1.0.1", [hex: :metrics, repo: "hexpm", optional: false]}, {:mimerl, "1.0.2", [hex: :mimerl, repo: "hexpm", optional: false]}, {:ssl_verify_fun, "1.1.1", [hex: :ssl_verify_fun, repo: "hexpm", optional: false]}], "hexpm"},
  "hexate": {:hex, :hexate, "0.6.1", "1cea42e462c1daa32223127d4752e71016c3d933d492b9bb7fa4709a4a0fd50d", [:mix], [], "hexpm"},
  "httpoison": {:hex, :httpoison, "1.2.0", "2702ed3da5fd7a8130fc34b11965c8cfa21ade2f232c00b42d96d4967c39a3a3", [:mix], [{:hackney, "~> 1.8", [hex: :hackney, repo: "hexpm", optional: false]}], "hexpm"},
  "idna": {:hex, :idna, "5.1.2", "e21cb58a09f0228a9e0b95eaa1217f1bcfc31a1aaa6e1fdf2f53a33f7dbd9494", [:rebar3], [{:unicode_util_compat, "0.3.1", [hex: :unicode_util_compat, repo: "hexpm", optional: false]}], "hexpm"},
  "jason": {:hex, :jason, "1.1.1", "d3ccb840dfb06f2f90a6d335b536dd074db748b3e7f5b11ab61d239506585eb2", [:mix], [{:decimal, "~> 1.0", [hex: :decimal, repo: "hexpm", optional: true]}], "hexpm"},
  "joken": {:hex, :joken, "1.5.0", "42a0953e80bd933fc98a0874e156771f78bf0e92abe6c3a9c22feb6da28efb0b", [:mix], [{:jose, "~> 1.8", [hex: :jose, repo: "hexpm", optional: false]}, {:plug, "~> 1.0", [hex: :plug, repo: "hexpm", optional: true]}, {:poison, "~> 1.5 or ~> 2.0 or ~> 3.0", [hex: :poison, repo: "hexpm", optional: true]}], "hexpm"},
  "jose": {:hex, :jose, "1.8.4", "7946d1e5c03a76ac9ef42a6e6a20001d35987afd68c2107bcd8f01a84e75aa73", [:mix, :rebar3], [{:base64url, "~> 0.0.1", [hex: :base64url, repo: "hexpm", optional: false]}], "hexpm"},
  "keccakf1600": {:hex, :keccakf1600_orig, "2.0.0", "0a7217ddb3ee8220d449bbf7575ec39d4e967099f220a91e3dfca4dbaef91963", [:rebar3], [], "hexpm"},
  "libsodium": {:hex, :libsodium, "0.0.10", "24584e6f5a60aed53542054c15fb31719bbf2d811d9a84f626734faf64d41304", [:rebar3], [], "hexpm"},
  "logger_sentry": {:hex, :logger_sentry, "0.1.5", "a3e4a0ac4ffe30e0d24c1b5252a8b46349b66574ce1867530374eba2891d06bd", [:mix], [{:sentry, "~> 6.0", [hex: :sentry, repo: "hexpm", optional: false]}], "hexpm"},
  "meck": {:hex, :meck, "0.8.12", "1f7b1a9f5d12c511848fec26bbefd09a21e1432eadb8982d9a8aceb9891a3cf2", [:rebar3], [], "hexpm"},
  "metrics": {:hex, :metrics, "1.0.1", "25f094dea2cda98213cecc3aeff09e940299d950904393b2a29d191c346a8486", [:rebar3], [], "hexpm"},
  "mime": {:hex, :mime, "1.3.0", "5e8d45a39e95c650900d03f897fbf99ae04f60ab1daa4a34c7a20a5151b7a5fe", [:mix], [], "hexpm"},
  "mimerl": {:hex, :mimerl, "1.0.2", "993f9b0e084083405ed8252b99460c4f0563e41729ab42d9074fd5e52439be88", [:rebar3], [], "hexpm"},
  "mock": {:hex, :mock, "0.3.2", "e98e998fd76c191c7e1a9557c8617912c53df3d4a6132f561eb762b699ef59fa", [:mix], [{:meck, "~> 0.8.8", [hex: :meck, repo: "hexpm", optional: false]}], "hexpm"},
  "not_qwerty123": {:hex, :not_qwerty123, "2.3.0", "5ca66ba95ae17378efb9bdfd3adf8b7acd658310cff07feb6e00e9f420fd9088", [:mix], [{:gettext, "~> 0.14", [hex: :gettext, repo: "hexpm", optional: false]}], "hexpm"},
  "parse_trans": {:hex, :parse_trans, "3.2.0", "2adfa4daf80c14dc36f522cf190eb5c4ee3e28008fc6394397c16f62a26258c2", [:rebar3], [], "hexpm"},
  "plug": {:hex, :plug, "1.6.2", "e06a7bd2bb6de5145da0dd950070110dce88045351224bd98e84edfdaaf5ffee", [:mix], [{:cowboy, "~> 1.0.1 or ~> 1.1 or ~> 2.4", [hex: :cowboy, repo: "hexpm", optional: true]}, {:mime, "~> 1.0", [hex: :mime, repo: "hexpm", optional: false]}], "hexpm"},
  "poison": {:hex, :poison, "3.1.0", "d9eb636610e096f86f25d9a46f35a9facac35609a7591b3be3326e99a0484665", [:mix], [], "hexpm"},
  "poolboy": {:hex, :poolboy, "1.5.1", "6b46163901cfd0a1b43d692657ed9d7e599853b3b21b95ae5ae0a777cf9b6ca8", [:rebar], [], "hexpm"},
  "pre_commit_hook": {:hex, :pre_commit_hook, "1.2.0", "cdd3448dfe05df5ceac3427c9784af2cb2bbff05876e0e3a6e002c5163eb5f7a", [:mix], [], "hexpm"},
  "proper_case": {:hex, :proper_case, "1.2.0", "31e5b4c9f73b831a8e463b6ba514330a72850e083ee329f4c215bee3d81fb2cc", [:mix], [], "hexpm"},
  "recase": {:hex, :recase, "0.3.0", "a3a6b2bfc9a1c3047b6f37d49ea52027ea59fd256505254b8e9d63c68d09ab89", [:mix], [], "hexpm"},
  "recon": {:hex, :recon, "2.3.6", "2bcad0cf621fb277cabbb6413159cd3aa30265c2dee42c968697988b30108604", [:rebar3], [], "hexpm"},
  "recon_ex": {:hex, :recon_ex, "0.9.1", "51558b6eb347753dcf9c884ba68d49dbbec607fc4296815b72a0c8995d5d3203", [:mix], [{:recon, "~> 2.3.1", [hex: :recon, repo: "hexpm", optional: false]}], "hexpm"},
  "sentry": {:hex, :sentry, "6.4.1", "882287f1f3167dc4794865124977e2d88878d51d19930c0d0e7cc3a663a4a181", [:mix], [{:hackney, "~> 1.8 or 1.6.5", [hex: :hackney, repo: "hexpm", optional: false]}, {:phoenix, "~> 1.3", [hex: :phoenix, repo: "hexpm", optional: true]}, {:plug, "~> 1.6", [hex: :plug, repo: "hexpm", optional: true]}, {:poison, "~> 1.5 or ~> 2.0 or ~> 3.0", [hex: :poison, repo: "hexpm", optional: false]}], "hexpm"},
  "ssl_verify_fun": {:hex, :ssl_verify_fun, "1.1.1", "28a4d65b7f59893bc2c7de786dec1e1555bd742d336043fe644ae956c3497fbe", [:make, :rebar], [], "hexpm"},
  "statix": {:hex, :statix, "1.1.0", "af9a4586c5cd58f879e0595f06a4790878715de5b8f75f6346693aaa38da2424", [:mix], [], "hexpm"},
  "tesla": {:hex, :tesla, "1.0.0", "94a9059456d51266f3d40b75ff6be3d18496072ce5ffaabad03d6c00f065cfd1", [:mix], [{:exjsx, ">= 3.0.0", [hex: :exjsx, repo: "hexpm", optional: true]}, {:fuse, "~> 2.4", [hex: :fuse, repo: "hexpm", optional: true]}, {:hackney, "~> 1.6", [hex: :hackney, repo: "hexpm", optional: true]}, {:ibrowse, "~> 4.4.0", [hex: :ibrowse, repo: "hexpm", optional: true]}, {:jason, ">= 1.0.0", [hex: :jason, repo: "hexpm", optional: true]}, {:mime, "~> 1.0", [hex: :mime, repo: "hexpm", optional: false]}, {:poison, ">= 1.0.0", [hex: :poison, repo: "hexpm", optional: true]}], "hexpm"},
  "triq": {:git, "https://github.com/triqng/triq.git", "74113dbf6c41b7275ce61a7aa25a4b9551e3793d", []},
  "unicode_util_compat": {:hex, :unicode_util_compat, "0.3.1", "a1f612a7b512638634a603c8f401892afbf99b8ce93a45041f8aaca99cadb85e", [:rebar3], [], "hexpm"},
  "utility_belt": {:hex, :utility_belt, "0.9.4", "27cf30583a260fbff47363b921c8670886fa4d50b6ef6c75f14ea4e04c61e660", [:mix], [{:argon2_elixir, "~> 1.2", [hex: :argon2_elixir, repo: "hexpm", optional: false]}, {:bcrypt_elixir, "~> 1.0", [hex: :bcrypt_elixir, repo: "hexpm", optional: false]}, {:cipher, "~> 1.4.0", [hex: :cipher, repo: "hexpm", optional: false]}, {:comeonin, "~> 4.0", [hex: :comeonin, repo: "hexpm", optional: false]}, {:con_cache, "~> 0.13.0", [hex: :con_cache, repo: "hexpm", optional: false]}, {:distillery, "~> 1.5", [hex: :distillery, repo: "hexpm", optional: false]}, {:ecto, "~> 2.1", [hex: :ecto, repo: "hexpm", optional: false]}, {:ex_datadog_plug, "~> 0.5.0", [hex: :ex_datadog_plug, repo: "hexpm", optional: false]}, {:joken, "~> 1.1", [hex: :joken, repo: "hexpm", optional: false]}, {:keccakf1600, "> 0.0.0", [hex: :keccakf1600, repo: "hexpm", optional: false]}, {:libsodium, "> 0.0.0", [hex: :libsodium, repo: "hexpm", optional: false]}, {:not_qwerty123, "~> 2.3", [hex: :not_qwerty123, repo: "hexpm", optional: false]}, {:recase, "~> 0.3.0", [hex: :recase, repo: "hexpm", optional: false]}], "hexpm"},
  "yamerl": {:hex, :yamerl, "0.7.0", "e51dba652dce74c20a88294130b48051ebbbb0be7d76f22de064f0f3ccf0aaf5", [:rebar3], [], "hexpm"},
  "yaml_elixir": {:hex, :yaml_elixir, "2.0.2", "ae888ec503cb440e300f145b64e63bf9ab3ad397d82e979e594639f3c4c1c4d6", [:mix], [{:yamerl, "~> 0.7", [hex: :yamerl, repo: "hexpm", optional: false]}], "hexpm"},
}
